
Microsoft Visual Studio Solution File, Format Version 12.00
# Visual Studio Version 16
VisualStudioVersion = 16.0.30907.101
MinimumVisualStudioVersion = 10.0.40219.1
Project("{FAE04EC0-301F-11D3-BF4B-00C04F79EFBC}") = "Assignments", "Assignments\Assignments.csproj", "{C2B21BB4-159A-46DE-9E5B-8212A5E8DE8E}"
EndProject
Global
	GlobalSection(SolutionConfigurationPlatforms) = preSolution
		Debug|Any CPU = Debug|Any CPU
		Release|Any CPU = Release|Any CPU
	EndGlobalSection
	GlobalSection(ProjectConfigurationPlatforms) = postSolution
		{C2B21BB4-159A-46DE-9E5B-8212A5E8DE8E}.Debug|Any CPU.ActiveCfg = Debug|Any CPU
		{C2B21BB4-159A-46DE-9E5B-8212A5E8DE8E}.Debug|Any CPU.Build.0 = Debug|Any CPU
		{C2B21BB4-159A-46DE-9E5B-8212A5E8DE8E}.Release|Any CPU.ActiveCfg = Release|Any CPU
		{C2B21BB4-159A-46DE-9E5B-8212A5E8DE8E}.Release|Any CPU.Build.0 = Release|Any CPU
	EndGlobalSection
	GlobalSection(SolutionProperties) = preSolution
		HideSolutionNode = FALSE
	EndGlobalSection
	GlobalSection(ExtensibilityGlobals) = postSolution
		SolutionGuid = {22349BF1-C134-4C34-B9A8-4117F066FAF4}
	EndGlobalSection
EndGlobal
